
Microsoft Visual Studio Solution File, Format Version 12.00
# Visual Studio Version 17
VisualStudioVersion = 17.5.002.0
MinimumVisualStudioVersion = 10.0.40219.1
Project("{2150E333-8FDC-42A3-9474-1A3956D46DE8}") = "csharp-prep", "csharp-prep", "{94038FB3-7009-448B-928A-586DA8D15795}"
EndProject
Project("{9A19103F-16F7-4668-BE54-9A1E7A4F7556}") = "Prep1", "csharp-prep\Prep1\Prep1.csproj", "{8CA256DA-4EA1-4F93-B656-0E27DDFED107}"
EndProject
Project("{9A19103F-16F7-4668-BE54-9A1E7A4F7556}") = "Prep2", "csharp-prep\Prep2\Prep2.csproj", "{38164D3F-ACE6-4DF2-9230-803E7E29069C}"
EndProject
Project("{9A19103F-16F7-4668-BE54-9A1E7A4F7556}") = "Prep3", "csharp-prep\Prep3\Prep3.csproj", "{68A6031A-97C7-4224-9B94-17F09260B008}"
EndProject
Project("{9A19103F-16F7-4668-BE54-9A1E7A4F7556}") = "Prep4", "csharp-prep\Prep4\Prep4.csproj", "{73A96F25-F74A-4C3B-9740-D2F0779E252E}"
EndProject
Project("{9A19103F-16F7-4668-BE54-9A1E7A4F7556}") = "Prep5", "csharp-prep\Prep5\Prep5.csproj", "{F24580C1-5C47-412F-8A49-82DDEB6B694E}"
EndProject
Project("{2150E333-8FDC-42A3-9474-1A3956D46DE8}") = "final", "final", "{FEED18A1-01A5-4A88-9A96-E065DA5BC205}"
EndProject
Project("{9A19103F-16F7-4668-BE54-9A1E7A4F7556}") = "FinalProject", "final\FinalProject\FinalProject.csproj", "{49649E2F-8963-4562-9D8A-09694D855B2E}"
EndProject
Project("{9A19103F-16F7-4668-BE54-9A1E7A4F7556}") = "Foundation1", "final\Foundation1\Foundation1.csproj", "{53883007-5ED0-4C78-ADF0-EC71C032AEDB}"
EndProject
Project("{9A19103F-16F7-4668-BE54-9A1E7A4F7556}") = "Foundation2", "final\Foundation2\Foundation2.csproj", "{A88D233E-991E-4705-B9A7-07FCA7A98ED5}"
EndProject
Project("{9A19103F-16F7-4668-BE54-9A1E7A4F7556}") = "Foundation3", "final\Foundation3\Foundation3.csproj", "{A34EC09E-84ED-4B6F-8612-D3273CD29FFF}"
EndProject
Project("{9A19103F-16F7-4668-BE54-9A1E7A4F7556}") = "Foundation4", "final\Foundation4\Foundation4.csproj", "{FE4CDB07-3A45-4995-9613-1CBFE3273E2D}"
EndProject
Project("{2150E333-8FDC-42A3-9474-1A3956D46DE8}") = "prepare", "prepare", "{5879755F-E1C6-4108-BC04-7441BD1CB541}"
EndProject
Project("{9A19103F-16F7-4668-BE54-9A1E7A4F7556}") = "Learning02", "prepare\Learning02\Learning02.csproj", "{66E28AD1-44A8-49A8-8661-A7E64B52C355}"
EndProject
Project("{9A19103F-16F7-4668-BE54-9A1E7A4F7556}") = "Learning03", "prepare\Learning03\Learning03.csproj", "{336E5A2C-EE34-4766-A250-CCC0251AC89C}"
EndProject
Project("{9A19103F-16F7-4668-BE54-9A1E7A4F7556}") = "Learning04", "prepare\Learning04\Learning04.csproj", "{32DF9510-3205-4FBD-8A18-C4A62E99A2F0}"
EndProject
Project("{9A19103F-16F7-4668-BE54-9A1E7A4F7556}") = "Learning05", "prepare\Learning05\Learning05.csproj", "{DF745685-FC18-4122-A691-8DD737847CEA}"
EndProject
Project("{2150E333-8FDC-42A3-9474-1A3956D46DE8}") = "prove", "prove", "{0E94EB82-BCA1-4CEB-B830-D59F2A6BA70E}"
EndProject
Project("{9A19103F-16F7-4668-BE54-9A1E7A4F7556}") = "Develop02", "prove\Develop02\Develop02.csproj", "{09271738-4D3D-408B-B408-43255F9836B1}"
EndProject
Project("{9A19103F-16F7-4668-BE54-9A1E7A4F7556}") = "Develop03", "prove\Develop03\Develop03.csproj", "{52EC6FFA-5AC6-491F-A95D-91130940DEC8}"
EndProject
Project("{9A19103F-16F7-4668-BE54-9A1E7A4F7556}") = "Develop04", "prove\Develop04\Develop04.csproj", "{3E3482CD-64A7-4F93-B931-9842C45FB91A}"
EndProject
Project("{9A19103F-16F7-4668-BE54-9A1E7A4F7556}") = "Develop05", "prove\Develop05\Develop05.csproj", "{BBA69F3E-E123-4B84-BBA5-1F74F4EF1A50}"
EndProject
Project("{2150E333-8FDC-42A3-9474-1A3956D46DE8}") = "sandbox", "sandbox", "{EDD3058F-3BC1-4828-84BB-8F1FD2FD7F84}"
EndProject
Project("{9A19103F-16F7-4668-BE54-9A1E7A4F7556}") = "Sandbox", "sandbox\Sandbox\Sandbox.csproj", "{13E35851-7CE7-4122-A8B1-979DACAB37A5}"
EndProject
Global
	GlobalSection(SolutionConfigurationPlatforms) = preSolution
		Debug|Any CPU = Debug|Any CPU
		Release|Any CPU = Release|Any CPU
	EndGlobalSection
	GlobalSection(ProjectConfigurationPlatforms) = postSolution
		{8CA256DA-4EA1-4F93-B656-0E27DDFED107}.Debug|Any CPU.ActiveCfg = Debug|Any CPU
		{8CA256DA-4EA1-4F93-B656-0E27DDFED107}.Debug|Any CPU.Build.0 = Debug|Any CPU
		{8CA256DA-4EA1-4F93-B656-0E27DDFED107}.Release|Any CPU.ActiveCfg = Release|Any CPU
		{8CA256DA-4EA1-4F93-B656-0E27DDFED107}.Release|Any CPU.Build.0 = Release|Any CPU
		{38164D3F-ACE6-4DF2-9230-803E7E29069C}.Debug|Any CPU.ActiveCfg = Debug|Any CPU
		{38164D3F-ACE6-4DF2-9230-803E7E29069C}.Debug|Any CPU.Build.0 = Debug|Any CPU
		{38164D3F-ACE6-4DF2-9230-803E7E29069C}.Release|Any CPU.ActiveCfg = Release|Any CPU
		{38164D3F-ACE6-4DF2-9230-803E7E29069C}.Release|Any CPU.Build.0 = Release|Any CPU
		{68A6031A-97C7-4224-9B94-17F09260B008}.Debug|Any CPU.ActiveCfg = Debug|Any CPU
		{68A6031A-97C7-4224-9B94-17F09260B008}.Debug|Any CPU.Build.0 = Debug|Any CPU
		{68A6031A-97C7-4224-9B94-17F09260B008}.Release|Any CPU.ActiveCfg = Release|Any CPU
		{68A6031A-97C7-4224-9B94-17F09260B008}.Release|Any CPU.Build.0 = Release|Any CPU
		{73A96F25-F74A-4C3B-9740-D2F0779E252E}.Debug|Any CPU.ActiveCfg = Debug|Any CPU
		{73A96F25-F74A-4C3B-9740-D2F0779E252E}.Debug|Any CPU.Build.0 = Debug|Any CPU
		{73A96F25-F74A-4C3B-9740-D2F0779E252E}.Release|Any CPU.ActiveCfg = Release|Any CPU
		{73A96F25-F74A-4C3B-9740-D2F0779E252E}.Release|Any CPU.Build.0 = Release|Any CPU
		{F24580C1-5C47-412F-8A49-82DDEB6B694E}.Debug|Any CPU.ActiveCfg = Debug|Any CPU
		{F24580C1-5C47-412F-8A49-82DDEB6B694E}.Debug|Any CPU.Build.0 = Debug|Any CPU
		{F24580C1-5C47-412F-8A49-82DDEB6B694E}.Release|Any CPU.ActiveCfg = Release|Any CPU
		{F24580C1-5C47-412F-8A49-82DDEB6B694E}.Release|Any CPU.Build.0 = Release|Any CPU
		{49649E2F-8963-4562-9D8A-09694D855B2E}.Debug|Any CPU.ActiveCfg = Debug|Any CPU
		{49649E2F-8963-4562-9D8A-09694D855B2E}.Debug|Any CPU.Build.0 = Debug|Any CPU
		{49649E2F-8963-4562-9D8A-09694D855B2E}.Release|Any CPU.ActiveCfg = Release|Any CPU
		{49649E2F-8963-4562-9D8A-09694D855B2E}.Release|Any CPU.Build.0 = Release|Any CPU
		{53883007-5ED0-4C78-ADF0-EC71C032AEDB}.Debug|Any CPU.ActiveCfg = Debug|Any CPU
		{53883007-5ED0-4C78-ADF0-EC71C032AEDB}.Debug|Any CPU.Build.0 = Debug|Any CPU
		{53883007-5ED0-4C78-ADF0-EC71C032AEDB}.Release|Any CPU.ActiveCfg = Release|Any CPU
		{53883007-5ED0-4C78-ADF0-EC71C032AEDB}.Release|Any CPU.Build.0 = Release|Any CPU
		{A88D233E-991E-4705-B9A7-07FCA7A98ED5}.Debug|Any CPU.ActiveCfg = Debug|Any CPU
		{A88D233E-991E-4705-B9A7-07FCA7A98ED5}.Debug|Any CPU.Build.0 = Debug|Any CPU
		{A88D233E-991E-4705-B9A7-07FCA7A98ED5}.Release|Any CPU.ActiveCfg = Release|Any CPU
		{A88D233E-991E-4705-B9A7-07FCA7A98ED5}.Release|Any CPU.Build.0 = Release|Any CPU
		{A34EC09E-84ED-4B6F-8612-D3273CD29FFF}.Debug|Any CPU.ActiveCfg = Debug|Any CPU
		{A34EC09E-84ED-4B6F-8612-D3273CD29FFF}.Debug|Any CPU.Build.0 = Debug|Any CPU
		{A34EC09E-84ED-4B6F-8612-D3273CD29FFF}.Release|Any CPU.ActiveCfg = Release|Any CPU
		{A34EC09E-84ED-4B6F-8612-D3273CD29FFF}.Release|Any CPU.Build.0 = Release|Any CPU
		{FE4CDB07-3A45-4995-9613-1CBFE3273E2D}.Debug|Any CPU.ActiveCfg = Debug|Any CPU
		{FE4CDB07-3A45-4995-9613-1CBFE3273E2D}.Debug|Any CPU.Build.0 = Debug|Any CPU
		{FE4CDB07-3A45-4995-9613-1CBFE3273E2D}.Release|Any CPU.ActiveCfg = Release|Any CPU
		{FE4CDB07-3A45-4995-9613-1CBFE3273E2D}.Release|Any CPU.Build.0 = Release|Any CPU
		{66E28AD1-44A8-49A8-8661-A7E64B52C355}.Debug|Any CPU.ActiveCfg = Debug|Any CPU
		{66E28AD1-44A8-49A8-8661-A7E64B52C355}.Debug|Any CPU.Build.0 = Debug|Any CPU
		{66E28AD1-44A8-49A8-8661-A7E64B52C355}.Release|Any CPU.ActiveCfg = Release|Any CPU
		{66E28AD1-44A8-49A8-8661-A7E64B52C355}.Release|Any CPU.Build.0 = Release|Any CPU
		{336E5A2C-EE34-4766-A250-CCC0251AC89C}.Debug|Any CPU.ActiveCfg = Debug|Any CPU
		{336E5A2C-EE34-4766-A250-CCC0251AC89C}.Debug|Any CPU.Build.0 = Debug|Any CPU
		{336E5A2C-EE34-4766-A250-CCC0251AC89C}.Release|Any CPU.ActiveCfg = Release|Any CPU
		{336E5A2C-EE34-4766-A250-CCC0251AC89C}.Release|Any CPU.Build.0 = Release|Any CPU
		{32DF9510-3205-4FBD-8A18-C4A62E99A2F0}.Debug|Any CPU.ActiveCfg = Debug|Any CPU
		{32DF9510-3205-4FBD-8A18-C4A62E99A2F0}.Debug|Any CPU.Build.0 = Debug|Any CPU
		{32DF9510-3205-4FBD-8A18-C4A62E99A2F0}.Release|Any CPU.ActiveCfg = Release|Any CPU
		{32DF9510-3205-4FBD-8A18-C4A62E99A2F0}.Release|Any CPU.Build.0 = Release|Any CPU
		{DF745685-FC18-4122-A691-8DD737847CEA}.Debug|Any CPU.ActiveCfg = Debug|Any CPU
		{DF745685-FC18-4122-A691-8DD737847CEA}.Debug|Any CPU.Build.0 = Debug|Any CPU
		{DF745685-FC18-4122-A691-8DD737847CEA}.Release|Any CPU.ActiveCfg = Release|Any CPU
		{DF745685-FC18-4122-A691-8DD737847CEA}.Release|Any CPU.Build.0 = Release|Any CPU
		{09271738-4D3D-408B-B408-43255F9836B1}.Debug|Any CPU.ActiveCfg = Debug|Any CPU
		{09271738-4D3D-408B-B408-43255F9836B1}.Debug|Any CPU.Build.0 = Debug|Any CPU
		{09271738-4D3D-408B-B408-43255F9836B1}.Release|Any CPU.ActiveCfg = Release|Any CPU
		{09271738-4D3D-408B-B408-43255F9836B1}.Release|Any CPU.Build.0 = Release|Any CPU
		{52EC6FFA-5AC6-491F-A95D-91130940DEC8}.Debug|Any CPU.ActiveCfg = Debug|Any CPU
		{52EC6FFA-5AC6-491F-A95D-91130940DEC8}.Debug|Any CPU.Build.0 = Debug|Any CPU
		{52EC6FFA-5AC6-491F-A95D-91130940DEC8}.Release|Any CPU.ActiveCfg = Release|Any CPU
		{52EC6FFA-5AC6-491F-A95D-91130940DEC8}.Release|Any CPU.Build.0 = Release|Any CPU
		{3E3482CD-64A7-4F93-B931-9842C45FB91A}.Debug|Any CPU.ActiveCfg = Debug|Any CPU
		{3E3482CD-64A7-4F93-B931-9842C45FB91A}.Debug|Any CPU.Build.0 = Debug|Any CPU
		{3E3482CD-64A7-4F93-B931-9842C45FB91A}.Release|Any CPU.ActiveCfg = Release|Any CPU
		{3E3482CD-64A7-4F93-B931-9842C45FB91A}.Release|Any CPU.Build.0 = Release|Any CPU
		{BBA69F3E-E123-4B84-BBA5-1F74F4EF1A50}.Debug|Any CPU.ActiveCfg = Debug|Any CPU
		{BBA69F3E-E123-4B84-BBA5-1F74F4EF1A50}.Debug|Any CPU.Build.0 = Debug|Any CPU
		{BBA69F3E-E123-4B84-BBA5-1F74F4EF1A50}.Release|Any CPU.ActiveCfg = Release|Any CPU
		{BBA69F3E-E123-4B84-BBA5-1F74F4EF1A50}.Release|Any CPU.Build.0 = Release|Any CPU
		{13E35851-7CE7-4122-A8B1-979DACAB37A5}.Debug|Any CPU.ActiveCfg = Debug|Any CPU
		{13E35851-7CE7-4122-A8B1-979DACAB37A5}.Debug|Any CPU.Build.0 = Debug|Any CPU
		{13E35851-7CE7-4122-A8B1-979DACAB37A5}.Release|Any CPU.ActiveCfg = Release|Any CPU
		{13E35851-7CE7-4122-A8B1-979DACAB37A5}.Release|Any CPU.Build.0 = Release|Any CPU
	EndGlobalSection
	GlobalSection(SolutionProperties) = preSolution
		HideSolutionNode = FALSE
	EndGlobalSection
	GlobalSection(NestedProjects) = preSolution
		{8CA256DA-4EA1-4F93-B656-0E27DDFED107} = {94038FB3-7009-448B-928A-586DA8D15795}
		{38164D3F-ACE6-4DF2-9230-803E7E29069C} = {94038FB3-7009-448B-928A-586DA8D15795}
		{68A6031A-97C7-4224-9B94-17F09260B008} = {94038FB3-7009-448B-928A-586DA8D15795}
		{73A96F25-F74A-4C3B-9740-D2F0779E252E} = {94038FB3-7009-448B-928A-586DA8D15795}
		{F24580C1-5C47-412F-8A49-82DDEB6B694E} = {94038FB3-7009-448B-928A-586DA8D15795}
		{49649E2F-8963-4562-9D8A-09694D855B2E} = {FEED18A1-01A5-4A88-9A96-E065DA5BC205}
		{53883007-5ED0-4C78-ADF0-EC71C032AEDB} = {FEED18A1-01A5-4A88-9A96-E065DA5BC205}
		{A88D233E-991E-4705-B9A7-07FCA7A98ED5} = {FEED18A1-01A5-4A88-9A96-E065DA5BC205}
		{A34EC09E-84ED-4B6F-8612-D3273CD29FFF} = {FEED18A1-01A5-4A88-9A96-E065DA5BC205}
		{FE4CDB07-3A45-4995-9613-1CBFE3273E2D} = {FEED18A1-01A5-4A88-9A96-E065DA5BC205}
		{66E28AD1-44A8-49A8-8661-A7E64B52C355} = {5879755F-E1C6-4108-BC04-7441BD1CB541}
		{336E5A2C-EE34-4766-A250-CCC0251AC89C} = {5879755F-E1C6-4108-BC04-7441BD1CB541}
		{32DF9510-3205-4FBD-8A18-C4A62E99A2F0} = {5879755F-E1C6-4108-BC04-7441BD1CB541}
		{DF745685-FC18-4122-A691-8DD737847CEA} = {5879755F-E1C6-4108-BC04-7441BD1CB541}
		{09271738-4D3D-408B-B408-43255F9836B1} = {0E94EB82-BCA1-4CEB-B830-D59F2A6BA70E}
		{52EC6FFA-5AC6-491F-A95D-91130940DEC8} = {0E94EB82-BCA1-4CEB-B830-D59F2A6BA70E}
		{3E3482CD-64A7-4F93-B931-9842C45FB91A} = {0E94EB82-BCA1-4CEB-B830-D59F2A6BA70E}
		{BBA69F3E-E123-4B84-BBA5-1F74F4EF1A50} = {0E94EB82-BCA1-4CEB-B830-D59F2A6BA70E}
		{13E35851-7CE7-4122-A8B1-979DACAB37A5} = {EDD3058F-3BC1-4828-84BB-8F1FD2FD7F84}
	EndGlobalSection
	GlobalSection(ExtensibilityGlobals) = postSolution
		SolutionGuid = {ECBAAE73-740F-40EE-9327-34F7BC81D7E3}
	EndGlobalSection
EndGlobal
